
Microsoft Visual Studio Solution File, Format Version 12.00
# Visual Studio Version 17
VisualStudioVersion = 17.7.34221.43
MinimumVisualStudioVersion = 10.0.40219.1
Project("{FAE04EC0-301F-11D3-BF4B-00C04F79EFBC}") = "ProOktatasVizsgaFeladat", "ProOktatasVizsgaFeladat.csproj", "{AA1E2F44-5E16-4F93-B340-610702DE1BCE}"
EndProject
Global
	GlobalSection(SolutionConfigurationPlatforms) = preSolution
		Debug|Any CPU = Debug|Any CPU
		Release|Any CPU = Release|Any CPU
	EndGlobalSection
	GlobalSection(ProjectConfigurationPlatforms) = postSolution
		{AA1E2F44-5E16-4F93-B340-610702DE1BCE}.Debug|Any CPU.ActiveCfg = Debug|Any CPU
		{AA1E2F44-5E16-4F93-B340-610702DE1BCE}.Debug|Any CPU.Build.0 = Debug|Any CPU
		{AA1E2F44-5E16-4F93-B340-610702DE1BCE}.Release|Any CPU.ActiveCfg = Release|Any CPU
		{AA1E2F44-5E16-4F93-B340-610702DE1BCE}.Release|Any CPU.Build.0 = Release|Any CPU
	EndGlobalSection
	GlobalSection(SolutionProperties) = preSolution
		HideSolutionNode = FALSE
	EndGlobalSection
	GlobalSection(ExtensibilityGlobals) = postSolution
		SolutionGuid = {AE576680-FDB6-4B8E-B230-38D32A688CAC}
	EndGlobalSection
EndGlobal
